// !$*UTF8*$!
{
	archiveVersion = 1;
	classes = {
	};
	objectVersion = 50;
	objects = {

/* Begin PBXBuildFile section */
		9BFACA8C23E5EA4B000C5CFA /* AppDelegate.swift in Sources */ = {isa = PBXBuildFile; fileRef = 9BFACA8B23E5EA4B000C5CFA /* AppDelegate.swift */; };
		9BFACA8E23E5EA4B000C5CFA /* SceneDelegate.swift in Sources */ = {isa = PBXBuildFile; fileRef = 9BFACA8D23E5EA4B000C5CFA /* SceneDelegate.swift */; };
		9BFACA9023E5EA4B000C5CFA /* LocationViewController.swift in Sources */ = {isa = PBXBuildFile; fileRef = 9BFACA8F23E5EA4B000C5CFA /* LocationViewController.swift */; };
		9BFACA9323E5EA4B000C5CFA /* Main.storyboard in Resources */ = {isa = PBXBuildFile; fileRef = 9BFACA9123E5EA4B000C5CFA /* Main.storyboard */; };
		9BFACA9523E5EA4D000C5CFA /* Assets.xcassets in Resources */ = {isa = PBXBuildFile; fileRef = 9BFACA9423E5EA4D000C5CFA /* Assets.xcassets */; };
		9BFACA9823E5EA4D000C5CFA /* LaunchScreen.storyboard in Resources */ = {isa = PBXBuildFile; fileRef = 9BFACA9623E5EA4D000C5CFA /* LaunchScreen.storyboard */; };
/* End PBXBuildFile section */

/* Begin PBXFileReference section */
		9BFACA8823E5EA4B000C5CFA /* MclennanTime.app */ = {isa = PBXFileReference; explicitFileType = wrapper.application; includeInIndex = 0; path = MclennanTime.app; sourceTree = BUILT_PRODUCTS_DIR; };
		9BFACA8B23E5EA4B000C5CFA /* AppDelegate.swift */ = {isa = PBXFileReference; lastKnownFileType = sourcecode.swift; path = AppDelegate.swift; sourceTree = "<group>"; };
		9BFACA8D23E5EA4B000C5CFA /* SceneDelegate.swift */ = {isa = PBXFileReference; lastKnownFileType = sourcecode.swift; path = SceneDelegate.swift; sourceTree = "<group>"; };
		9BFACA8F23E5EA4B000C5CFA /* LocationViewController.swift */ = {isa = PBXFileReference; lastKnownFileType = sourcecode.swift; path = LocationViewController.swift; sourceTree = "<group>"; };
		9BFACA9223E5EA4B000C5CFA /* Base */ = {isa = PBXFileReference; lastKnownFileType = file.storyboard; name = Base; path = Base.lproj/Main.storyboard; sourceTree = "<group>"; };
		9BFACA9423E5EA4D000C5CFA /* Assets.xcassets */ = {isa = PBXFileReference; lastKnownFileType = folder.assetcatalog; path = Assets.xcassets; sourceTree = "<group>"; };
		9BFACA9723E5EA4D000C5CFA /* Base */ = {isa = PBXFileReference; lastKnownFileType = file.storyboard; name = Base; path = Base.lproj/LaunchScreen.storyboard; sourceTree = "<group>"; };
		9BFACA9923E5EA4D000C5CFA /* Info.plist */ = {isa = PBXFileReference; lastKnownFileType = text.plist.xml; path = Info.plist; sourceTree = "<group>"; };
/* End PBXFileReference section */

/* Begin PBXFrameworksBuildPhase section */
		9BFACA8523E5EA4B000C5CFA /* Frameworks */ = {
			isa = PBXFrameworksBuildPhase;
			buildActionMask = 2147483647;
			files = (
			);
			runOnlyForDeploymentPostprocessing = 0;
		};
/* End PBXFrameworksBuildPhase section */

/* Begin PBXGroup section */
		9BFACA7F23E5EA4B000C5CFA = {
			isa = PBXGroup;
			children = (
				9BFACA8A23E5EA4B000C5CFA /* MclennanTime */,
				9BFACA8923E5EA4B000C5CFA /* Products */,
			);
			sourceTree = "<group>";
		};
		9BFACA8923E5EA4B000C5CFA /* Products */ = {
			isa = PBXGroup;
			children = (
				9BFACA8823E5EA4B000C5CFA /* MclennanTime.app */,
			);
			name = Products;
			sourceTree = "<group>";
		};
		9BFACA8A23E5EA4B000C5CFA /* MclennanTime */ = {
			isa = PBXGroup;
			children = (
				9BFACA8B23E5EA4B000C5CFA /* AppDelegate.swift */,
				9BFACA8D23E5EA4B000C5CFA /* SceneDelegate.swift */,
				9BFACA8F23E5EA4B000C5CFA /* LocationViewController.swift */,
				9BFACA9123E5EA4B000C5CFA /* Main.storyboard */,
				9BFACA9423E5EA4D000C5CFA /* Assets.xcassets */,
				9BFACA9623E5EA4D000C5CFA /* LaunchScreen.storyboard */,
				9BFACA9923E5EA4D000C5CFA /* Info.plist */,
			);
			path = MclennanTime;
			sourceTree = "<group>";
		};
/* End PBXGroup section */

/* Begin PBXNativeTarget section */
		9BFACA8723E5EA4B000C5CFA /* MclennanTime */ = {
			isa = PBXNativeTarget;
			buildConfigurationList = 9BFACA9C23E5EA4D000C5CFA /* Build configuration list for PBXNativeTarget "MclennanTime" */;
			buildPhases = (
				9BFACA8423E5EA4B000C5CFA /* Sources */,
				9BFACA8523E5EA4B000C5CFA /* Frameworks */,
				9BFACA8623E5EA4B000C5CFA /* Resources */,
			);
			buildRules = (
			);
			dependencies = (
			);
			name = MclennanTime;
			productName = MclennanTime;
			productReference = 9BFACA8823E5EA4B000C5CFA /* MclennanTime.app */;
			productType = "com.apple.product-type.application";
		};
/* End PBXNativeTarget section */

/* Begin PBXProject section */
		9BFACA8023E5EA4B000C5CFA /* Project object */ = {
			isa = PBXProject;
			attributes = {
				LastSwiftUpdateCheck = 1130;
				LastUpgradeCheck = 1130;
				ORGANIZATIONNAME = "Alex Ference";
				TargetAttributes = {
					9BFACA8723E5EA4B000C5CFA = {
						CreatedOnToolsVersion = 11.3.1;
					};
				};
			};
			buildConfigurationList = 9BFACA8323E5EA4B000C5CFA /* Build configuration list for PBXProject "MclennanTime" */;
			compatibilityVersion = "Xcode 9.3";
			developmentRegion = en;
			hasScannedForEncodings = 0;
			knownRegions = (
				en,
				Base,
			);
			mainGroup = 9BFACA7F23E5EA4B000C5CFA;
			productRefGroup = 9BFACA8923E5EA4B000C5CFA /* Products */;
			projectDirPath = "";
			projectRoot = "";
			targets = (
				9BFACA8723E5EA4B000C5CFA /* MclennanTime */,
			);
		};
/* End PBXProject section */

/* Begin PBXResourcesBuildPhase section */
		9BFACA8623E5EA4B000C5CFA /* Resources */ = {
			isa = PBXResourcesBuildPhase;
			buildActionMask = 2147483647;
			files = (
				9BFACA9823E5EA4D000C5CFA /* LaunchScreen.storyboard in Resources */,
				9BFACA9523E5EA4D000C5CFA /* Assets.xcassets in Resources */,
				9BFACA9323E5EA4B000C5CFA /* Main.storyboard in Resources */,
			);
			runOnlyForDeploymentPostprocessing = 0;
		};
/* End PBXResourcesBuildPhase section */

/* Begin PBXSourcesBuildPhase section */
		9BFACA8423E5EA4B000C5CFA /* Sources */ = {
			isa = PBXSourcesBuildPhase;
			buildActionMask = 2147483647;
			files = (
				9BFACA9023E5EA4B000C5CFA /* LocationViewController.swift in Sources */,
				9BFACA8C23E5EA4B000C5CFA /* AppDelegate.swift in Sources */,
				9BFACA8E23E5EA4B000C5CFA /* SceneDelegate.swift in Sources */,
			);
			runOnlyForDeploymentPostprocessing = 0;
		};
/* End PBXSourcesBuildPhase section */

/* Begin PBXVariantGroup section */
		9BFACA9123E5EA4B000C5CFA /* Main.storyboard */ = {
			isa = PBXVariantGroup;
			children = (
				9BFACA9223E5EA4B000C5CFA /* Base */,
			);
			name = Main.storyboard;
			sourceTree = "<group>";
		};
		9BFACA9623E5EA4D000C5CFA /* LaunchScreen.storyboard */ = {
			isa = PBXVariantGroup;
			children = (
				9BFACA9723E5EA4D000C5CFA /* Base */,
			);
			name = LaunchScreen.storyboard;
			sourceTree = "<group>";
		};
/* End PBXVariantGroup section */

/* Begin XCBuildConfiguration section */
		9BFACA9A23E5EA4D000C5CFA /* Debug */ = {
			isa = XCBuildConfiguration;
			buildSettings = {
				ALWAYS_SEARCH_USER_PATHS = NO;
				CLANG_ANALYZER_NONNULL = YES;
				CLANG_ANALYZER_NUMBER_OBJECT_CONVERSION = YES_AGGRESSIVE;
				CLANG_CXX_LANGUAGE_STANDARD = "gnu++14";
				CLANG_CXX_LIBRARY = "libc++";
				CLANG_ENABLE_MODULES = YES;
				CLANG_ENABLE_OBJC_ARC = YES;
				CLANG_ENABLE_OBJC_WEAK = YES;
				CLANG_WARN_BLOCK_CAPTURE_AUTORELEASING = YES;
				CLANG_WARN_BOOL_CONVERSION = YES;
				CLANG_WARN_COMMA = YES;
				CLANG_WARN_CONSTANT_CONVERSION = YES;
				CLANG_WARN_DEPRECATED_OBJC_IMPLEMENTATIONS = YES;
				CLANG_WARN_DIRECT_OBJC_ISA_USAGE = YES_ERROR;
				CLANG_WARN_DOCUMENTATION_COMMENTS = YES;
				CLANG_WARN_EMPTY_BODY = YES;
				CLANG_WARN_ENUM_CONVERSION = YES;
				CLANG_WARN_INFINITE_RECURSION = YES;
				CLANG_WARN_INT_CONVERSION = YES;
				CLANG_WARN_NON_LITERAL_NULL_CONVERSION = YES;
				CLANG_WARN_OBJC_IMPLICIT_RETAIN_SELF = YES;
				CLANG_WARN_OBJC_LITERAL_CONVERSION = YES;
				CLANG_WARN_OBJC_ROOT_CLASS = YES_ERROR;
				CLANG_WARN_RANGE_LOOP_ANALYSIS = YES;
				CLANG_WARN_STRICT_PROTOTYPES = YES;
				CLANG_WARN_SUSPICIOUS_MOVE = YES;
				CLANG_WARN_UNGUARDED_AVAILABILITY = YES_AGGRESSIVE;
				CLANG_WARN_UNREACHABLE_CODE = YES;
				CLANG_WARN__DUPLICATE_METHOD_MATCH = YES;
				COPY_PHASE_STRIP = NO;
				DEBUG_INFORMATION_FORMAT = dwarf;
				ENABLE_STRICT_OBJC_MSGSEND = YES;
				ENABLE_TESTABILITY = YES;
				GCC_C_LANGUAGE_STANDARD = gnu11;
				GCC_DYNAMIC_NO_PIC = NO;
				GCC_NO_COMMON_BLOCKS = YES;
				GCC_OPTIMIZATION_LEVEL = 0;
				GCC_PREPROCESSOR_DEFINITIONS = (
					"DEBUG=1",
					"$(inherited)",
				);
				GCC_WARN_64_TO_32_BIT_CONVERSION = YES;
				GCC_WARN_ABOUT_RETURN_TYPE = YES_ERROR;
				GCC_WARN_UNDECLARED_SELECTOR = YES;
				GCC_WARN_UNINITIALIZED_AUTOS = YES_AGGRESSIVE;
				GCC_WARN_UNUSED_FUNCTION = YES;
				GCC_WARN_UNUSED_VARIABLE = YES;
				IPHONEOS_DEPLOYMENT_TARGET = 13.2;
				MTL_ENABLE_DEBUG_INFO = INCLUDE_SOURCE;
				MTL_FAST_MATH = YES;
				ONLY_ACTIVE_ARCH = YES;
				SDKROOT = iphoneos;
				SWIFT_ACTIVE_COMPILATION_CONDITIONS = DEBUG;
				SWIFT_OPTIMIZATION_LEVEL = "-Onone";
			};
			name = Debug;
		};
		9BFACA9B23E5EA4D000C5CFA /* Release */ = {
			isa = XCBuildConfiguration;
			buildSettings = {
				ALWAYS_SEARCH_USER_PATHS = NO;
				CLANG_ANALYZER_NONNULL = YES;
				CLANG_ANALYZER_NUMBER_OBJECT_CONVERSION = YES_AGGRESSIVE;
				CLANG_CXX_LANGUAGE_STANDARD = "gnu++14";
				CLANG_CXX_LIBRARY = "libc++";
				CLANG_ENABLE_MODULES = YES;
				CLANG_ENABLE_OBJC_ARC = YES;
				CLANG_ENABLE_OBJC_WEAK = YES;
				CLANG_WARN_BLOCK_CAPTURE_AUTORELEASING = YES;
				CLANG_WARN_BOOL_CONVERSION = YES;
				CLANG_WARN_COMMA = YES;
				CLANG_WARN_CONSTANT_CONVERSION = YES;
				CLANG_WARN_DEPRECATED_OBJC_IMPLEMENTATIONS = YES;
				CLANG_WARN_DIRECT_OBJC_ISA_USAGE = YES_ERROR;
				CLANG_WARN_DOCUMENTATION_COMMENTS = YES;
				CLANG_WARN_EMPTY_BODY = YES;
				CLANG_WARN_ENUM_CONVERSION = YES;
				CLANG_WARN_INFINITE_RECURSION = YES;
				CLANG_WARN_INT_CONVERSION = YES;
				CLANG_WARN_NON_LITERAL_NULL_CONVERSION = YES;
				CLANG_WARN_OBJC_IMPLICIT_RETAIN_SELF = YES;
				CLANG_WARN_OBJC_LITERAL_CONVERSION = YES;
				CLANG_WARN_OBJC_ROOT_CLASS = YES_ERROR;
				CLANG_WARN_RANGE_LOOP_ANALYSIS = YES;
				CLANG_WARN_STRICT_PROTOTYPES = YES;
				CLANG_WARN_SUSPICIOUS_MOVE = YES;
				CLANG_WARN_UNGUARDED_AVAILABILITY = YES_AGGRESSIVE;
				CLANG_WARN_UNREACHABLE_CODE = YES;
				CLANG_WARN__DUPLICATE_METHOD_MATCH = YES;
				COPY_PHASE_STRIP = NO;
				DEBUG_INFORMATION_FORMAT = "dwarf-with-dsym";
				ENABLE_NS_ASSERTIONS = NO;
				ENABLE_STRICT_OBJC_MSGSEND = YES;
				GCC_C_LANGUAGE_STANDARD = gnu11;
				GCC_NO_COMMON_BLOCKS = YES;
				GCC_WARN_64_TO_32_BIT_CONVERSION = YES;
				GCC_WARN_ABOUT_RETURN_TYPE = YES_ERROR;
				GCC_WARN_UNDECLARED_SELECTOR = YES;
				GCC_WARN_UNINITIALIZED_AUTOS = YES_AGGRESSIVE;
				GCC_WARN_UNUSED_FUNCTION = YES;
				GCC_WARN_UNUSED_VARIABLE = YES;
				IPHONEOS_DEPLOYMENT_TARGET = 13.2;
				MTL_ENABLE_DEBUG_INFO = NO;
				MTL_FAST_MATH = YES;
				SDKROOT = iphoneos;
				SWIFT_COMPILATION_MODE = wholemodule;
				SWIFT_OPTIMIZATION_LEVEL = "-O";
				VALIDATE_PRODUCT = YES;
			};
			name = Release;
		};
		9BFACA9D23E5EA4D000C5CFA /* Debug */ = {
			isa = XCBuildConfiguration;
			buildSettings = {
				ASSETCATALOG_COMPILER_APPICON_NAME = AppIcon;
				CODE_SIGN_STYLE = Automatic;
				DEVELOPMENT_TEAM = H46A4MCJ65;
				INFOPLIST_FILE = MclennanTime/Info.plist;
				LD_RUNPATH_SEARCH_PATHS = (
					"$(inherited)",
					"@executable_path/Frameworks",
				);
				PRODUCT_BUNDLE_IDENTIFIER = "Alex-Ference.MclennanTime";
				PRODUCT_NAME = "$(TARGET_NAME)";
				SWIFT_VERSION = 5.0;
				TARGETED_DEVICE_FAMILY = "1,2";
			};
			name = Debug;
		};
		9BFACA9E23E5EA4D000C5CFA /* Release */ = {
			isa = XCBuildConfiguration;
			buildSettings = {
				ASSETCATALOG_COMPILER_APPICON_NAME = AppIcon;
				CODE_SIGN_STYLE = Automatic;
				DEVELOPMENT_TEAM = H46A4MCJ65;
				INFOPLIST_FILE = MclennanTime/Info.plist;
				LD_RUNPATH_SEARCH_PATHS = (
					"$(inherited)",
					"@executable_path/Frameworks",
				);
				PRODUCT_BUNDLE_IDENTIFIER = "Alex-Ference.MclennanTime";
				PRODUCT_NAME = "$(TARGET_NAME)";
				SWIFT_VERSION = 5.0;
				TARGETED_DEVICE_FAMILY = "1,2";
			};
			name = Release;
		};
/* End XCBuildConfiguration section */

/* Begin XCConfigurationList section */
		9BFACA8323E5EA4B000C5CFA /* Build configuration list for PBXProject "MclennanTime" */ = {
			isa = XCConfigurationList;
			buildConfigurations = (
				9BFACA9A23E5EA4D000C5CFA /* Debug */,
				9BFACA9B23E5EA4D000C5CFA /* Release */,
			);
			defaultConfigurationIsVisible = 0;
			defaultConfigurationName = Release;
		};
		9BFACA9C23E5EA4D000C5CFA /* Build configuration list for PBXNativeTarget "MclennanTime" */ = {
			isa = XCConfigurationList;
			buildConfigurations = (
				9BFACA9D23E5EA4D000C5CFA /* Debug */,
				9BFACA9E23E5EA4D000C5CFA /* Release */,
			);
			defaultConfigurationIsVisible = 0;
			defaultConfigurationName = Release;
		};
/* End XCConfigurationList section */
	};
	rootObject = 9BFACA8023E5EA4B000C5CFA /* Project object */;
}
