// !$*UTF8*$!
{
	archiveVersion = 1;
	classes = {
	};
	objectVersion = 51;
	objects = {

/* Begin PBXBuildFile section */
		5A77745C73DD62C90B26BF18 /* Pods_MclennanTime.framework in Frameworks */ = {isa = PBXBuildFile; fileRef = 33275BE3A67F3651BCC249B6 /* Pods_MclennanTime.framework */; };
		9B4FD40D23EF4956008C986D /* AppContainerViewController.swift in Sources */ = {isa = PBXBuildFile; fileRef = 9B4FD40C23EF4956008C986D /* AppContainerViewController.swift */; };
		9B4FD40F23EF4980008C986D /* AppManager.swift in Sources */ = {isa = PBXBuildFile; fileRef = 9B4FD40E23EF4980008C986D /* AppManager.swift */; };
		9B4FD41123F05FC3008C986D /* FirstViewController.swift in Sources */ = {isa = PBXBuildFile; fileRef = 9B4FD41023F05FC3008C986D /* FirstViewController.swift */; };
		9BFACA8C23E5EA4B000C5CFA /* AppDelegate.swift in Sources */ = {isa = PBXBuildFile; fileRef = 9BFACA8B23E5EA4B000C5CFA /* AppDelegate.swift */; };
		9BFACA8E23E5EA4B000C5CFA /* SceneDelegate.swift in Sources */ = {isa = PBXBuildFile; fileRef = 9BFACA8D23E5EA4B000C5CFA /* SceneDelegate.swift */; };
		9BFACA9023E5EA4B000C5CFA /* LocationViewController.swift in Sources */ = {isa = PBXBuildFile; fileRef = 9BFACA8F23E5EA4B000C5CFA /* LocationViewController.swift */; };
		9BFACA9523E5EA4D000C5CFA /* Assets.xcassets in Resources */ = {isa = PBXBuildFile; fileRef = 9BFACA9423E5EA4D000C5CFA /* Assets.xcassets */; };
		9BFACA9823E5EA4D000C5CFA /* LaunchScreen.storyboard in Resources */ = {isa = PBXBuildFile; fileRef = 9BFACA9623E5EA4D000C5CFA /* LaunchScreen.storyboard */; };
		9BFACAA323E5F227000C5CFA /* ValidationManager.swift in Sources */ = {isa = PBXBuildFile; fileRef = 9BFACAA223E5F227000C5CFA /* ValidationManager.swift */; };
		9BFACAA523E60E07000C5CFA /* GoogleService-Info.plist in Resources */ = {isa = PBXBuildFile; fileRef = 9BFACAA423E60E07000C5CFA /* GoogleService-Info.plist */; };
		9BFACAA723E61511000C5CFA /* SignUpViewController.swift in Sources */ = {isa = PBXBuildFile; fileRef = 9BFACAA623E61511000C5CFA /* SignUpViewController.swift */; };
		9BFACAA923E65250000C5CFA /* constants.swift in Sources */ = {isa = PBXBuildFile; fileRef = 9BFACAA823E65250000C5CFA /* constants.swift */; };
		9BFACAAB23E659D8000C5CFA /* LoginViewController.swift in Sources */ = {isa = PBXBuildFile; fileRef = 9BFACAAA23E659D8000C5CFA /* LoginViewController.swift */; };
		9BFACAAD23E65FFF000C5CFA /* ResetPasswordViewController.swift in Sources */ = {isa = PBXBuildFile; fileRef = 9BFACAAC23E65FFF000C5CFA /* ResetPasswordViewController.swift */; };
		9BFACAAF23E676D8000C5CFA /* Main.storyboard in Resources */ = {isa = PBXBuildFile; fileRef = 9BFACAAE23E676D8000C5CFA /* Main.storyboard */; };
		9BFACAB223E67C48000C5CFA /* WelcomeViewController.swift in Sources */ = {isa = PBXBuildFile; fileRef = 9BFACAB123E67C48000C5CFA /* WelcomeViewController.swift */; };
/* End PBXBuildFile section */

/* Begin PBXFileReference section */
		33275BE3A67F3651BCC249B6 /* Pods_MclennanTime.framework */ = {isa = PBXFileReference; explicitFileType = wrapper.framework; includeInIndex = 0; path = Pods_MclennanTime.framework; sourceTree = BUILT_PRODUCTS_DIR; };
		4642E1955A75735850F04BD6 /* Pods-MclennanTime.release.xcconfig */ = {isa = PBXFileReference; includeInIndex = 1; lastKnownFileType = text.xcconfig; name = "Pods-MclennanTime.release.xcconfig"; path = "Target Support Files/Pods-MclennanTime/Pods-MclennanTime.release.xcconfig"; sourceTree = "<group>"; };
		550A69BA46CF96CE3DFF9EEB /* Pods-MclennanTime.debug.xcconfig */ = {isa = PBXFileReference; includeInIndex = 1; lastKnownFileType = text.xcconfig; name = "Pods-MclennanTime.debug.xcconfig"; path = "Target Support Files/Pods-MclennanTime/Pods-MclennanTime.debug.xcconfig"; sourceTree = "<group>"; };
		9B4FD40C23EF4956008C986D /* AppContainerViewController.swift */ = {isa = PBXFileReference; lastKnownFileType = sourcecode.swift; path = AppContainerViewController.swift; sourceTree = "<group>"; };
		9B4FD40E23EF4980008C986D /* AppManager.swift */ = {isa = PBXFileReference; lastKnownFileType = sourcecode.swift; path = AppManager.swift; sourceTree = "<group>"; };
		9B4FD41023F05FC3008C986D /* FirstViewController.swift */ = {isa = PBXFileReference; lastKnownFileType = sourcecode.swift; path = FirstViewController.swift; sourceTree = "<group>"; };
		9BFACA8823E5EA4B000C5CFA /* MclennanTime.app */ = {isa = PBXFileReference; explicitFileType = wrapper.application; includeInIndex = 0; path = MclennanTime.app; sourceTree = BUILT_PRODUCTS_DIR; };
		9BFACA8B23E5EA4B000C5CFA /* AppDelegate.swift */ = {isa = PBXFileReference; lastKnownFileType = sourcecode.swift; path = AppDelegate.swift; sourceTree = "<group>"; };
		9BFACA8D23E5EA4B000C5CFA /* SceneDelegate.swift */ = {isa = PBXFileReference; lastKnownFileType = sourcecode.swift; path = SceneDelegate.swift; sourceTree = "<group>"; };
		9BFACA8F23E5EA4B000C5CFA /* LocationViewController.swift */ = {isa = PBXFileReference; lastKnownFileType = sourcecode.swift; path = LocationViewController.swift; sourceTree = "<group>"; };
		9BFACA9423E5EA4D000C5CFA /* Assets.xcassets */ = {isa = PBXFileReference; lastKnownFileType = folder.assetcatalog; path = Assets.xcassets; sourceTree = "<group>"; };
		9BFACA9723E5EA4D000C5CFA /* Base */ = {isa = PBXFileReference; lastKnownFileType = file.storyboard; name = Base; path = Base.lproj/LaunchScreen.storyboard; sourceTree = "<group>"; };
		9BFACA9923E5EA4D000C5CFA /* Info.plist */ = {isa = PBXFileReference; lastKnownFileType = text.plist.xml; path = Info.plist; sourceTree = "<group>"; };
		9BFACAA223E5F227000C5CFA /* ValidationManager.swift */ = {isa = PBXFileReference; lastKnownFileType = sourcecode.swift; path = ValidationManager.swift; sourceTree = "<group>"; };
		9BFACAA423E60E07000C5CFA /* GoogleService-Info.plist */ = {isa = PBXFileReference; fileEncoding = 4; lastKnownFileType = text.plist.xml; path = "GoogleService-Info.plist"; sourceTree = "<group>"; };
		9BFACAA623E61511000C5CFA /* SignUpViewController.swift */ = {isa = PBXFileReference; lastKnownFileType = sourcecode.swift; path = SignUpViewController.swift; sourceTree = "<group>"; };
		9BFACAA823E65250000C5CFA /* constants.swift */ = {isa = PBXFileReference; lastKnownFileType = sourcecode.swift; path = constants.swift; sourceTree = "<group>"; };
		9BFACAAA23E659D8000C5CFA /* LoginViewController.swift */ = {isa = PBXFileReference; lastKnownFileType = sourcecode.swift; path = LoginViewController.swift; sourceTree = "<group>"; };
		9BFACAAC23E65FFF000C5CFA /* ResetPasswordViewController.swift */ = {isa = PBXFileReference; lastKnownFileType = sourcecode.swift; path = ResetPasswordViewController.swift; sourceTree = "<group>"; };
		9BFACAAE23E676D8000C5CFA /* Main.storyboard */ = {isa = PBXFileReference; fileEncoding = 4; lastKnownFileType = file.storyboard; path = Main.storyboard; sourceTree = "<group>"; };
		9BFACAB123E67C48000C5CFA /* WelcomeViewController.swift */ = {isa = PBXFileReference; lastKnownFileType = sourcecode.swift; path = WelcomeViewController.swift; sourceTree = "<group>"; };
/* End PBXFileReference section */

/* Begin PBXFrameworksBuildPhase section */
		9BFACA8523E5EA4B000C5CFA /* Frameworks */ = {
			isa = PBXFrameworksBuildPhase;
			buildActionMask = 2147483647;
			files = (
				5A77745C73DD62C90B26BF18 /* Pods_MclennanTime.framework in Frameworks */,
			);
			runOnlyForDeploymentPostprocessing = 0;
		};
/* End PBXFrameworksBuildPhase section */

/* Begin PBXGroup section */
		9BFACA7F23E5EA4B000C5CFA = {
			isa = PBXGroup;
			children = (
				9BFACA8A23E5EA4B000C5CFA /* MclennanTime */,
				9BFACA8923E5EA4B000C5CFA /* Products */,
				FAD820323660C7DF3C249206 /* Pods */,
				D939D0BDF1D1A364A4529266 /* Frameworks */,
			);
			sourceTree = "<group>";
		};
		9BFACA8923E5EA4B000C5CFA /* Products */ = {
			isa = PBXGroup;
			children = (
				9BFACA8823E5EA4B000C5CFA /* MclennanTime.app */,
			);
			name = Products;
			sourceTree = "<group>";
		};
		9BFACA8A23E5EA4B000C5CFA /* MclennanTime */ = {
			isa = PBXGroup;
			children = (
				9BFACA8B23E5EA4B000C5CFA /* AppDelegate.swift */,
				9BFACA8D23E5EA4B000C5CFA /* SceneDelegate.swift */,
				9BFACA9F23E5F1D5000C5CFA /* Model */,
				9BFACAA023E5F1E1000C5CFA /* View */,
				9BFACAA123E5F1E9000C5CFA /* Controller */,
				9BFACA9423E5EA4D000C5CFA /* Assets.xcassets */,
				9BFACA9623E5EA4D000C5CFA /* LaunchScreen.storyboard */,
				9BFACA9923E5EA4D000C5CFA /* Info.plist */,
				9BFACAA423E60E07000C5CFA /* GoogleService-Info.plist */,
				9BFACAA823E65250000C5CFA /* constants.swift */,
			);
			path = MclennanTime;
			sourceTree = "<group>";
		};
		9BFACA9F23E5F1D5000C5CFA /* Model */ = {
			isa = PBXGroup;
			children = (
				9BFACAA223E5F227000C5CFA /* ValidationManager.swift */,
				9B4FD40E23EF4980008C986D /* AppManager.swift */,
			);
			path = Model;
			sourceTree = "<group>";
		};
		9BFACAA023E5F1E1000C5CFA /* View */ = {
			isa = PBXGroup;
			children = (
				9BFACAAE23E676D8000C5CFA /* Main.storyboard */,
			);
			path = View;
			sourceTree = "<group>";
		};
		9BFACAA123E5F1E9000C5CFA /* Controller */ = {
			isa = PBXGroup;
			children = (
				9BFACA8F23E5EA4B000C5CFA /* LocationViewController.swift */,
				9BFACAA623E61511000C5CFA /* SignUpViewController.swift */,
				9BFACAAA23E659D8000C5CFA /* LoginViewController.swift */,
				9BFACAAC23E65FFF000C5CFA /* ResetPasswordViewController.swift */,
				9BFACAB123E67C48000C5CFA /* WelcomeViewController.swift */,
				9B4FD40C23EF4956008C986D /* AppContainerViewController.swift */,
				9B4FD41023F05FC3008C986D /* FirstViewController.swift */,
			);
			path = Controller;
			sourceTree = "<group>";
		};
		D939D0BDF1D1A364A4529266 /* Frameworks */ = {
			isa = PBXGroup;
			children = (
				33275BE3A67F3651BCC249B6 /* Pods_MclennanTime.framework */,
			);
			name = Frameworks;
			sourceTree = "<group>";
		};
		FAD820323660C7DF3C249206 /* Pods */ = {
			isa = PBXGroup;
			children = (
				550A69BA46CF96CE3DFF9EEB /* Pods-MclennanTime.debug.xcconfig */,
				4642E1955A75735850F04BD6 /* Pods-MclennanTime.release.xcconfig */,
			);
			path = Pods;
			sourceTree = "<group>";
		};
/* End PBXGroup section */

/* Begin PBXNativeTarget section */
		9BFACA8723E5EA4B000C5CFA /* MclennanTime */ = {
			isa = PBXNativeTarget;
			buildConfigurationList = 9BFACA9C23E5EA4D000C5CFA /* Build configuration list for PBXNativeTarget "MclennanTime" */;
			buildPhases = (
				DB5BE09936CC93F53E5ADBE3 /* [CP] Check Pods Manifest.lock */,
				9BFACA8423E5EA4B000C5CFA /* Sources */,
				9BFACA8523E5EA4B000C5CFA /* Frameworks */,
				9BFACA8623E5EA4B000C5CFA /* Resources */,
				9C9BE5DCEFFB8655F02E052B /* [CP] Embed Pods Frameworks */,
			);
			buildRules = (
			);
			dependencies = (
			);
			name = MclennanTime;
			productName = MclennanTime;
			productReference = 9BFACA8823E5EA4B000C5CFA /* MclennanTime.app */;
			productType = "com.apple.product-type.application";
		};
/* End PBXNativeTarget section */

/* Begin PBXProject section */
		9BFACA8023E5EA4B000C5CFA /* Project object */ = {
			isa = PBXProject;
			attributes = {
				LastSwiftUpdateCheck = 1130;
				LastUpgradeCheck = 1130;
				ORGANIZATIONNAME = "Alex Ference";
				TargetAttributes = {
					9BFACA8723E5EA4B000C5CFA = {
						CreatedOnToolsVersion = 11.3.1;
					};
				};
			};
			buildConfigurationList = 9BFACA8323E5EA4B000C5CFA /* Build configuration list for PBXProject "MclennanTime" */;
			compatibilityVersion = "Xcode 9.3";
			developmentRegion = en;
			hasScannedForEncodings = 0;
			knownRegions = (
				en,
				Base,
			);
			mainGroup = 9BFACA7F23E5EA4B000C5CFA;
			productRefGroup = 9BFACA8923E5EA4B000C5CFA /* Products */;
			projectDirPath = "";
			projectRoot = "";
			targets = (
				9BFACA8723E5EA4B000C5CFA /* MclennanTime */,
			);
		};
/* End PBXProject section */

/* Begin PBXResourcesBuildPhase section */
		9BFACA8623E5EA4B000C5CFA /* Resources */ = {
			isa = PBXResourcesBuildPhase;
			buildActionMask = 2147483647;
			files = (
				9BFACA9823E5EA4D000C5CFA /* LaunchScreen.storyboard in Resources */,
				9BFACAA523E60E07000C5CFA /* GoogleService-Info.plist in Resources */,
				9BFACA9523E5EA4D000C5CFA /* Assets.xcassets in Resources */,
				9BFACAAF23E676D8000C5CFA /* Main.storyboard in Resources */,
			);
			runOnlyForDeploymentPostprocessing = 0;
		};
/* End PBXResourcesBuildPhase section */

/* Begin PBXShellScriptBuildPhase section */
		9C9BE5DCEFFB8655F02E052B /* [CP] Embed Pods Frameworks */ = {
			isa = PBXShellScriptBuildPhase;
			buildActionMask = 2147483647;
			files = (
			);
			inputFileListPaths = (
				"${PODS_ROOT}/Target Support Files/Pods-MclennanTime/Pods-MclennanTime-frameworks-${CONFIGURATION}-input-files.xcfilelist",
			);
			name = "[CP] Embed Pods Frameworks";
			outputFileListPaths = (
				"${PODS_ROOT}/Target Support Files/Pods-MclennanTime/Pods-MclennanTime-frameworks-${CONFIGURATION}-output-files.xcfilelist",
			);
			runOnlyForDeploymentPostprocessing = 0;
			shellPath = /bin/sh;
			shellScript = "\"${PODS_ROOT}/Target Support Files/Pods-MclennanTime/Pods-MclennanTime-frameworks.sh\"\n";
			showEnvVarsInLog = 0;
		};
		DB5BE09936CC93F53E5ADBE3 /* [CP] Check Pods Manifest.lock */ = {
			isa = PBXShellScriptBuildPhase;
			buildActionMask = 2147483647;
			files = (
			);
			inputFileListPaths = (
			);
			inputPaths = (
				"${PODS_PODFILE_DIR_PATH}/Podfile.lock",
				"${PODS_ROOT}/Manifest.lock",
			);
			name = "[CP] Check Pods Manifest.lock";
			outputFileListPaths = (
			);
			outputPaths = (
				"$(DERIVED_FILE_DIR)/Pods-MclennanTime-checkManifestLockResult.txt",
			);
			runOnlyForDeploymentPostprocessing = 0;
			shellPath = /bin/sh;
			shellScript = "diff \"${PODS_PODFILE_DIR_PATH}/Podfile.lock\" \"${PODS_ROOT}/Manifest.lock\" > /dev/null\nif [ $? != 0 ] ; then\n    # print error to STDERR\n    echo \"error: The sandbox is not in sync with the Podfile.lock. Run 'pod install' or update your CocoaPods installation.\" >&2\n    exit 1\nfi\n# This output is used by Xcode 'outputs' to avoid re-running this script phase.\necho \"SUCCESS\" > \"${SCRIPT_OUTPUT_FILE_0}\"\n";
			showEnvVarsInLog = 0;
		};
/* End PBXShellScriptBuildPhase section */

/* Begin PBXSourcesBuildPhase section */
		9BFACA8423E5EA4B000C5CFA /* Sources */ = {
			isa = PBXSourcesBuildPhase;
			buildActionMask = 2147483647;
			files = (
				9BFACAB223E67C48000C5CFA /* WelcomeViewController.swift in Sources */,
				9BFACAAB23E659D8000C5CFA /* LoginViewController.swift in Sources */,
				9BFACAA323E5F227000C5CFA /* ValidationManager.swift in Sources */,
				9B4FD41123F05FC3008C986D /* FirstViewController.swift in Sources */,
				9BFACA9023E5EA4B000C5CFA /* LocationViewController.swift in Sources */,
				9B4FD40D23EF4956008C986D /* AppContainerViewController.swift in Sources */,
				9BFACAAD23E65FFF000C5CFA /* ResetPasswordViewController.swift in Sources */,
				9BFACA8C23E5EA4B000C5CFA /* AppDelegate.swift in Sources */,
				9B4FD40F23EF4980008C986D /* AppManager.swift in Sources */,
				9BFACAA723E61511000C5CFA /* SignUpViewController.swift in Sources */,
				9BFACA8E23E5EA4B000C5CFA /* SceneDelegate.swift in Sources */,
				9BFACAA923E65250000C5CFA /* constants.swift in Sources */,
			);
			runOnlyForDeploymentPostprocessing = 0;
		};
/* End PBXSourcesBuildPhase section */

/* Begin PBXVariantGroup section */
		9BFACA9623E5EA4D000C5CFA /* LaunchScreen.storyboard */ = {
			isa = PBXVariantGroup;
			children = (
				9BFACA9723E5EA4D000C5CFA /* Base */,
			);
			name = LaunchScreen.storyboard;
			sourceTree = "<group>";
		};
/* End PBXVariantGroup section */

/* Begin XCBuildConfiguration section */
		9BFACA9A23E5EA4D000C5CFA /* Debug */ = {
			isa = XCBuildConfiguration;
			buildSettings = {
				ALWAYS_SEARCH_USER_PATHS = NO;
				CLANG_ANALYZER_NONNULL = YES;
				CLANG_ANALYZER_NUMBER_OBJECT_CONVERSION = YES_AGGRESSIVE;
				CLANG_CXX_LANGUAGE_STANDARD = "gnu++14";
				CLANG_CXX_LIBRARY = "libc++";
				CLANG_ENABLE_MODULES = YES;
				CLANG_ENABLE_OBJC_ARC = YES;
				CLANG_ENABLE_OBJC_WEAK = YES;
				CLANG_WARN_BLOCK_CAPTURE_AUTORELEASING = YES;
				CLANG_WARN_BOOL_CONVERSION = YES;
				CLANG_WARN_COMMA = YES;
				CLANG_WARN_CONSTANT_CONVERSION = YES;
				CLANG_WARN_DEPRECATED_OBJC_IMPLEMENTATIONS = YES;
				CLANG_WARN_DIRECT_OBJC_ISA_USAGE = YES_ERROR;
				CLANG_WARN_DOCUMENTATION_COMMENTS = YES;
				CLANG_WARN_EMPTY_BODY = YES;
				CLANG_WARN_ENUM_CONVERSION = YES;
				CLANG_WARN_INFINITE_RECURSION = YES;
				CLANG_WARN_INT_CONVERSION = YES;
				CLANG_WARN_NON_LITERAL_NULL_CONVERSION = YES;
				CLANG_WARN_OBJC_IMPLICIT_RETAIN_SELF = YES;
				CLANG_WARN_OBJC_LITERAL_CONVERSION = YES;
				CLANG_WARN_OBJC_ROOT_CLASS = YES_ERROR;
				CLANG_WARN_RANGE_LOOP_ANALYSIS = YES;
				CLANG_WARN_STRICT_PROTOTYPES = YES;
				CLANG_WARN_SUSPICIOUS_MOVE = YES;
				CLANG_WARN_UNGUARDED_AVAILABILITY = YES_AGGRESSIVE;
				CLANG_WARN_UNREACHABLE_CODE = YES;
				CLANG_WARN__DUPLICATE_METHOD_MATCH = YES;
				COPY_PHASE_STRIP = NO;
				DEBUG_INFORMATION_FORMAT = dwarf;
				ENABLE_STRICT_OBJC_MSGSEND = YES;
				ENABLE_TESTABILITY = YES;
				GCC_C_LANGUAGE_STANDARD = gnu11;
				GCC_DYNAMIC_NO_PIC = NO;
				GCC_NO_COMMON_BLOCKS = YES;
				GCC_OPTIMIZATION_LEVEL = 0;
				GCC_PREPROCESSOR_DEFINITIONS = (
					"DEBUG=1",
					"$(inherited)",
				);
				GCC_WARN_64_TO_32_BIT_CONVERSION = YES;
				GCC_WARN_ABOUT_RETURN_TYPE = YES_ERROR;
				GCC_WARN_UNDECLARED_SELECTOR = YES;
				GCC_WARN_UNINITIALIZED_AUTOS = YES_AGGRESSIVE;
				GCC_WARN_UNUSED_FUNCTION = YES;
				GCC_WARN_UNUSED_VARIABLE = YES;
				IPHONEOS_DEPLOYMENT_TARGET = 13.2;
				MTL_ENABLE_DEBUG_INFO = INCLUDE_SOURCE;
				MTL_FAST_MATH = YES;
				ONLY_ACTIVE_ARCH = YES;
				SDKROOT = iphoneos;
				SWIFT_ACTIVE_COMPILATION_CONDITIONS = DEBUG;
				SWIFT_OPTIMIZATION_LEVEL = "-Onone";
			};
			name = Debug;
		};
		9BFACA9B23E5EA4D000C5CFA /* Release */ = {
			isa = XCBuildConfiguration;
			buildSettings = {
				ALWAYS_SEARCH_USER_PATHS = NO;
				CLANG_ANALYZER_NONNULL = YES;
				CLANG_ANALYZER_NUMBER_OBJECT_CONVERSION = YES_AGGRESSIVE;
				CLANG_CXX_LANGUAGE_STANDARD = "gnu++14";
				CLANG_CXX_LIBRARY = "libc++";
				CLANG_ENABLE_MODULES = YES;
				CLANG_ENABLE_OBJC_ARC = YES;
				CLANG_ENABLE_OBJC_WEAK = YES;
				CLANG_WARN_BLOCK_CAPTURE_AUTORELEASING = YES;
				CLANG_WARN_BOOL_CONVERSION = YES;
				CLANG_WARN_COMMA = YES;
				CLANG_WARN_CONSTANT_CONVERSION = YES;
				CLANG_WARN_DEPRECATED_OBJC_IMPLEMENTATIONS = YES;
				CLANG_WARN_DIRECT_OBJC_ISA_USAGE = YES_ERROR;
				CLANG_WARN_DOCUMENTATION_COMMENTS = YES;
				CLANG_WARN_EMPTY_BODY = YES;
				CLANG_WARN_ENUM_CONVERSION = YES;
				CLANG_WARN_INFINITE_RECURSION = YES;
				CLANG_WARN_INT_CONVERSION = YES;
				CLANG_WARN_NON_LITERAL_NULL_CONVERSION = YES;
				CLANG_WARN_OBJC_IMPLICIT_RETAIN_SELF = YES;
				CLANG_WARN_OBJC_LITERAL_CONVERSION = YES;
				CLANG_WARN_OBJC_ROOT_CLASS = YES_ERROR;
				CLANG_WARN_RANGE_LOOP_ANALYSIS = YES;
				CLANG_WARN_STRICT_PROTOTYPES = YES;
				CLANG_WARN_SUSPICIOUS_MOVE = YES;
				CLANG_WARN_UNGUARDED_AVAILABILITY = YES_AGGRESSIVE;
				CLANG_WARN_UNREACHABLE_CODE = YES;
				CLANG_WARN__DUPLICATE_METHOD_MATCH = YES;
				COPY_PHASE_STRIP = NO;
				DEBUG_INFORMATION_FORMAT = "dwarf-with-dsym";
				ENABLE_NS_ASSERTIONS = NO;
				ENABLE_STRICT_OBJC_MSGSEND = YES;
				GCC_C_LANGUAGE_STANDARD = gnu11;
				GCC_NO_COMMON_BLOCKS = YES;
				GCC_WARN_64_TO_32_BIT_CONVERSION = YES;
				GCC_WARN_ABOUT_RETURN_TYPE = YES_ERROR;
				GCC_WARN_UNDECLARED_SELECTOR = YES;
				GCC_WARN_UNINITIALIZED_AUTOS = YES_AGGRESSIVE;
				GCC_WARN_UNUSED_FUNCTION = YES;
				GCC_WARN_UNUSED_VARIABLE = YES;
				IPHONEOS_DEPLOYMENT_TARGET = 13.2;
				MTL_ENABLE_DEBUG_INFO = NO;
				MTL_FAST_MATH = YES;
				SDKROOT = iphoneos;
				SWIFT_COMPILATION_MODE = wholemodule;
				SWIFT_OPTIMIZATION_LEVEL = "-O";
				VALIDATE_PRODUCT = YES;
			};
			name = Release;
		};
		9BFACA9D23E5EA4D000C5CFA /* Debug */ = {
			isa = XCBuildConfiguration;
			baseConfigurationReference = 550A69BA46CF96CE3DFF9EEB /* Pods-MclennanTime.debug.xcconfig */;
			buildSettings = {
				ASSETCATALOG_COMPILER_APPICON_NAME = AppIcon;
				CODE_SIGN_STYLE = Automatic;
				DEVELOPMENT_TEAM = H46A4MCJ65;
				INFOPLIST_FILE = MclennanTime/Info.plist;
				LD_RUNPATH_SEARCH_PATHS = (
					"$(inherited)",
					"@executable_path/Frameworks",
				);
				PRODUCT_BUNDLE_IDENTIFIER = "Alex-Ference.MclennanTime";
				PRODUCT_NAME = "$(TARGET_NAME)";
				SWIFT_VERSION = 5.0;
				TARGETED_DEVICE_FAMILY = "1,2";
			};
			name = Debug;
		};
		9BFACA9E23E5EA4D000C5CFA /* Release */ = {
			isa = XCBuildConfiguration;
			baseConfigurationReference = 4642E1955A75735850F04BD6 /* Pods-MclennanTime.release.xcconfig */;
			buildSettings = {
				ASSETCATALOG_COMPILER_APPICON_NAME = AppIcon;
				CODE_SIGN_STYLE = Automatic;
				DEVELOPMENT_TEAM = H46A4MCJ65;
				INFOPLIST_FILE = MclennanTime/Info.plist;
				LD_RUNPATH_SEARCH_PATHS = (
					"$(inherited)",
					"@executable_path/Frameworks",
				);
				PRODUCT_BUNDLE_IDENTIFIER = "Alex-Ference.MclennanTime";
				PRODUCT_NAME = "$(TARGET_NAME)";
				SWIFT_VERSION = 5.0;
				TARGETED_DEVICE_FAMILY = "1,2";
			};
			name = Release;
		};
/* End XCBuildConfiguration section */

/* Begin XCConfigurationList section */
		9BFACA8323E5EA4B000C5CFA /* Build configuration list for PBXProject "MclennanTime" */ = {
			isa = XCConfigurationList;
			buildConfigurations = (
				9BFACA9A23E5EA4D000C5CFA /* Debug */,
				9BFACA9B23E5EA4D000C5CFA /* Release */,
			);
			defaultConfigurationIsVisible = 0;
			defaultConfigurationName = Release;
		};
		9BFACA9C23E5EA4D000C5CFA /* Build configuration list for PBXNativeTarget "MclennanTime" */ = {
			isa = XCConfigurationList;
			buildConfigurations = (
				9BFACA9D23E5EA4D000C5CFA /* Debug */,
				9BFACA9E23E5EA4D000C5CFA /* Release */,
			);
			defaultConfigurationIsVisible = 0;
			defaultConfigurationName = Release;
		};
/* End XCConfigurationList section */
	};
	rootObject = 9BFACA8023E5EA4B000C5CFA /* Project object */;
}
